
Microsoft Visual Studio Solution File, Format Version 12.00
# Visual Studio 15
VisualStudioVersion = 15.0.27130.2024
MinimumVisualStudioVersion = 10.0.40219.1
Project("{FAE04EC0-301F-11D3-BF4B-00C04F79EFBC}") = "Multiplicacao", "Multiplicacao\Multiplicacao.csproj", "{A1C8F318-486E-44CB-811A-04652CD02363}"
EndProject
Global
	GlobalSection(SolutionConfigurationPlatforms) = preSolution
		Debug|Any CPU = Debug|Any CPU
		Release|Any CPU = Release|Any CPU
	EndGlobalSection
	GlobalSection(ProjectConfigurationPlatforms) = postSolution
		{A1C8F318-486E-44CB-811A-04652CD02363}.Debug|Any CPU.ActiveCfg = Debug|Any CPU
		{A1C8F318-486E-44CB-811A-04652CD02363}.Debug|Any CPU.Build.0 = Debug|Any CPU
		{A1C8F318-486E-44CB-811A-04652CD02363}.Release|Any CPU.ActiveCfg = Release|Any CPU
		{A1C8F318-486E-44CB-811A-04652CD02363}.Release|Any CPU.Build.0 = Release|Any CPU
	EndGlobalSection
	GlobalSection(SolutionProperties) = preSolution
		HideSolutionNode = FALSE
	EndGlobalSection
	GlobalSection(ExtensibilityGlobals) = postSolution
		SolutionGuid = {966F6BE6-FEE3-46C1-BB18-8D710145C79B}
	EndGlobalSection
EndGlobal
