
Microsoft Visual Studio Solution File, Format Version 12.00
# Visual Studio 15
VisualStudioVersion = 15.0.27130.2024
MinimumVisualStudioVersion = 10.0.40219.1
Project("{FAE04EC0-301F-11D3-BF4B-00C04F79EFBC}") = "calculadora", "calculadora\calculadora.csproj", "{C2C5D0BE-BEA4-45CB-A9ED-2E311F903BDF}"
EndProject
Global
	GlobalSection(SolutionConfigurationPlatforms) = preSolution
		Debug|Any CPU = Debug|Any CPU
		Release|Any CPU = Release|Any CPU
	EndGlobalSection
	GlobalSection(ProjectConfigurationPlatforms) = postSolution
		{C2C5D0BE-BEA4-45CB-A9ED-2E311F903BDF}.Debug|Any CPU.ActiveCfg = Debug|Any CPU
		{C2C5D0BE-BEA4-45CB-A9ED-2E311F903BDF}.Debug|Any CPU.Build.0 = Debug|Any CPU
		{C2C5D0BE-BEA4-45CB-A9ED-2E311F903BDF}.Release|Any CPU.ActiveCfg = Release|Any CPU
		{C2C5D0BE-BEA4-45CB-A9ED-2E311F903BDF}.Release|Any CPU.Build.0 = Release|Any CPU
	EndGlobalSection
	GlobalSection(SolutionProperties) = preSolution
		HideSolutionNode = FALSE
	EndGlobalSection
	GlobalSection(ExtensibilityGlobals) = postSolution
		SolutionGuid = {B97EED9C-D9BD-406C-ACD0-DE6C9C935E9C}
	EndGlobalSection
EndGlobal
